
Microsoft Visual Studio Solution File, Format Version 12.00
# Visual Studio Version 16
VisualStudioVersion = 25.0.1706.9
MinimumVisualStudioVersion = 10.0.40219.1
Project("{FAE04EC0-301F-11D3-BF4B-00C04F79EFBC}") = "Animal-Assignment3", "Animal-Assignment3\Animal-Assignment3.csproj", "{90E0BEB5-ED47-4E7A-AFCD-F95953842359}"
EndProject
Global
	GlobalSection(SolutionConfigurationPlatforms) = preSolution
		Debug|Any CPU = Debug|Any CPU
		Release|Any CPU = Release|Any CPU
	EndGlobalSection
	GlobalSection(ProjectConfigurationPlatforms) = postSolution
		{90E0BEB5-ED47-4E7A-AFCD-F95953842359}.Debug|Any CPU.ActiveCfg = Debug|Any CPU
		{90E0BEB5-ED47-4E7A-AFCD-F95953842359}.Debug|Any CPU.Build.0 = Debug|Any CPU
		{90E0BEB5-ED47-4E7A-AFCD-F95953842359}.Release|Any CPU.ActiveCfg = Release|Any CPU
		{90E0BEB5-ED47-4E7A-AFCD-F95953842359}.Release|Any CPU.Build.0 = Release|Any CPU
	EndGlobalSection
	GlobalSection(SolutionProperties) = preSolution
		HideSolutionNode = FALSE
	EndGlobalSection
	GlobalSection(ExtensibilityGlobals) = postSolution
		SolutionGuid = {1814D62B-5549-4826-B037-19A978DA7AC9}
	EndGlobalSection
EndGlobal
